
Microsoft Visual Studio Solution File, Format Version 12.00
# Visual Studio Version 17
VisualStudioVersion = 17.3.32922.545
MinimumVisualStudioVersion = 10.0.40219.1
Project("{FAE04EC0-301F-11D3-BF4B-00C04F79EFBC}") = "Nasljeđivanje ponavaljanje", "Nasljeđivanje ponavaljanje\Nasljeđivanje ponavaljanje.csproj", "{478D1F97-62C4-433A-A61E-F99797C044CF}"
EndProject
Global
	GlobalSection(SolutionConfigurationPlatforms) = preSolution
		Debug|Any CPU = Debug|Any CPU
		Release|Any CPU = Release|Any CPU
	EndGlobalSection
	GlobalSection(ProjectConfigurationPlatforms) = postSolution
		{478D1F97-62C4-433A-A61E-F99797C044CF}.Debug|Any CPU.ActiveCfg = Debug|Any CPU
		{478D1F97-62C4-433A-A61E-F99797C044CF}.Debug|Any CPU.Build.0 = Debug|Any CPU
		{478D1F97-62C4-433A-A61E-F99797C044CF}.Release|Any CPU.ActiveCfg = Release|Any CPU
		{478D1F97-62C4-433A-A61E-F99797C044CF}.Release|Any CPU.Build.0 = Release|Any CPU
	EndGlobalSection
	GlobalSection(SolutionProperties) = preSolution
		HideSolutionNode = FALSE
	EndGlobalSection
	GlobalSection(ExtensibilityGlobals) = postSolution
		SolutionGuid = {5F9C2864-66C6-4AA3-9828-74A16BB42B97}
	EndGlobalSection
EndGlobal
